
Microsoft Visual Studio Solution File, Format Version 12.00
# Visual Studio 15
VisualStudioVersion = 15.0.27004.2002
MinimumVisualStudioVersion = 10.0.40219.1
Project("{9A19103F-16F7-4668-BE54-9A1E7A4F7556}") = "CK.Glouton.Handler.Tcp", "src\CK.Glouton.Handler.Tcp\CK.Glouton.Handler.Tcp.csproj", "{131EB284-0872-4D5C-92B2-2C1567EFA357}"
EndProject
Project("{2150E333-8FDC-42A3-9474-1A3956D46DE8}") = "Solution items", "Solution items", "{BAA82D7C-5915-4FD6-855A-6D4F8D8979EC}"
	ProjectSection(SolutionItems) = preProject
		appveyor.yml = appveyor.yml
		nuget.config = nuget.config
	EndProjectSection
EndProject
Project("{2150E333-8FDC-42A3-9474-1A3956D46DE8}") = "Tests", "Tests", "{C982E810-251B-471F-BB7B-724324369FF6}"
EndProject
Project("{2150E333-8FDC-42A3-9474-1A3956D46DE8}") = "CodeCakeBuilder", "CodeCakeBuilder", "{B89C21C5-1EB5-498A-9AF3-23A762712A87}"
EndProject
Project("{FAE04EC0-301F-11D3-BF4B-00C04F79EFBC}") = "CodeCakeBuilder", "CodeCakeBuilder\CodeCakeBuilder.csproj", "{FD4817B6-3CD7-4E74-AA10-7CA95FDFCF2D}"
EndProject
Project("{9A19103F-16F7-4668-BE54-9A1E7A4F7556}") = "CK.Glouton.Tests.NetCore", "Tests\CK.Glouton.Tests.NetCore\CK.Glouton.Tests.NetCore.csproj", "{240735D9-B68C-48F5-B213-FF2313F948DF}"
EndProject
Project("{9A19103F-16F7-4668-BE54-9A1E7A4F7556}") = "CK.Glouton.Tests.NetFramework", "Tests\CK.Glouton.Tests.NetFramework\CK.Glouton.Tests.NetFramework.csproj", "{3A9D8C15-3E89-4459-970C-0D1B385DA309}"
EndProject
Project("{2150E333-8FDC-42A3-9474-1A3956D46DE8}") = "Sample", "Sample", "{50868A4A-B729-4F1D-9FCE-FECEB0095E09}"
EndProject
Project("{9A19103F-16F7-4668-BE54-9A1E7A4F7556}") = "CK.Glouton.Sample.Server", "Sample\CK.Glouton.Sample.Server\CK.Glouton.Sample.Server.csproj", "{AA9CF6EA-A7BE-4E42-910D-A1B9F019AC7F}"
EndProject
Project("{9A19103F-16F7-4668-BE54-9A1E7A4F7556}") = "CK.Glouton.Sample.Client", "Sample\CK.Glouton.Sample.Client\CK.Glouton.Sample.Client.csproj", "{C69A6E02-C922-4C3C-ACF7-998592D333B7}"
EndProject
Project("{9A19103F-16F7-4668-BE54-9A1E7A4F7556}") = "CK.Glouton.Lucene", "src\CK.Glouton.Lucene\CK.Glouton.Lucene.csproj", "{2AEF84EE-1312-49DD-900A-99E127C03856}"
EndProject
Project("{9A19103F-16F7-4668-BE54-9A1E7A4F7556}") = "CK.Glouton.Server", "src\CK.Glouton.Server\CK.Glouton.Server.csproj", "{E46A565F-E843-4BBE-B154-D2FB9292DA7B}"
EndProject
Global
	GlobalSection(SolutionConfigurationPlatforms) = preSolution
		Debug|Any CPU = Debug|Any CPU
		Release|Any CPU = Release|Any CPU
	EndGlobalSection
	GlobalSection(ProjectConfigurationPlatforms) = postSolution
		{131EB284-0872-4D5C-92B2-2C1567EFA357}.Debug|Any CPU.ActiveCfg = Debug|Any CPU
		{131EB284-0872-4D5C-92B2-2C1567EFA357}.Debug|Any CPU.Build.0 = Debug|Any CPU
		{131EB284-0872-4D5C-92B2-2C1567EFA357}.Release|Any CPU.ActiveCfg = Release|Any CPU
		{131EB284-0872-4D5C-92B2-2C1567EFA357}.Release|Any CPU.Build.0 = Release|Any CPU
		{FD4817B6-3CD7-4E74-AA10-7CA95FDFCF2D}.Debug|Any CPU.ActiveCfg = Debug|Any CPU
		{FD4817B6-3CD7-4E74-AA10-7CA95FDFCF2D}.Debug|Any CPU.Build.0 = Debug|Any CPU
		{FD4817B6-3CD7-4E74-AA10-7CA95FDFCF2D}.Release|Any CPU.ActiveCfg = Release|Any CPU
		{FD4817B6-3CD7-4E74-AA10-7CA95FDFCF2D}.Release|Any CPU.Build.0 = Release|Any CPU
		{240735D9-B68C-48F5-B213-FF2313F948DF}.Debug|Any CPU.ActiveCfg = Debug|Any CPU
		{240735D9-B68C-48F5-B213-FF2313F948DF}.Debug|Any CPU.Build.0 = Debug|Any CPU
		{240735D9-B68C-48F5-B213-FF2313F948DF}.Release|Any CPU.ActiveCfg = Release|Any CPU
		{240735D9-B68C-48F5-B213-FF2313F948DF}.Release|Any CPU.Build.0 = Release|Any CPU
		{3A9D8C15-3E89-4459-970C-0D1B385DA309}.Debug|Any CPU.ActiveCfg = Debug|Any CPU
		{3A9D8C15-3E89-4459-970C-0D1B385DA309}.Debug|Any CPU.Build.0 = Debug|Any CPU
		{3A9D8C15-3E89-4459-970C-0D1B385DA309}.Release|Any CPU.ActiveCfg = Release|Any CPU
		{3A9D8C15-3E89-4459-970C-0D1B385DA309}.Release|Any CPU.Build.0 = Release|Any CPU
		{AA9CF6EA-A7BE-4E42-910D-A1B9F019AC7F}.Debug|Any CPU.ActiveCfg = Debug|Any CPU
		{AA9CF6EA-A7BE-4E42-910D-A1B9F019AC7F}.Debug|Any CPU.Build.0 = Debug|Any CPU
		{AA9CF6EA-A7BE-4E42-910D-A1B9F019AC7F}.Release|Any CPU.ActiveCfg = Release|Any CPU
		{AA9CF6EA-A7BE-4E42-910D-A1B9F019AC7F}.Release|Any CPU.Build.0 = Release|Any CPU
		{C69A6E02-C922-4C3C-ACF7-998592D333B7}.Debug|Any CPU.ActiveCfg = Debug|Any CPU
		{C69A6E02-C922-4C3C-ACF7-998592D333B7}.Debug|Any CPU.Build.0 = Debug|Any CPU
		{C69A6E02-C922-4C3C-ACF7-998592D333B7}.Release|Any CPU.ActiveCfg = Release|Any CPU
		{C69A6E02-C922-4C3C-ACF7-998592D333B7}.Release|Any CPU.Build.0 = Release|Any CPU
		{2AEF84EE-1312-49DD-900A-99E127C03856}.Debug|Any CPU.ActiveCfg = Debug|Any CPU
		{2AEF84EE-1312-49DD-900A-99E127C03856}.Debug|Any CPU.Build.0 = Debug|Any CPU
		{2AEF84EE-1312-49DD-900A-99E127C03856}.Release|Any CPU.ActiveCfg = Release|Any CPU
		{2AEF84EE-1312-49DD-900A-99E127C03856}.Release|Any CPU.Build.0 = Release|Any CPU
		{E46A565F-E843-4BBE-B154-D2FB9292DA7B}.Debug|Any CPU.ActiveCfg = Debug|Any CPU
		{E46A565F-E843-4BBE-B154-D2FB9292DA7B}.Debug|Any CPU.Build.0 = Debug|Any CPU
		{E46A565F-E843-4BBE-B154-D2FB9292DA7B}.Release|Any CPU.ActiveCfg = Release|Any CPU
		{E46A565F-E843-4BBE-B154-D2FB9292DA7B}.Release|Any CPU.Build.0 = Release|Any CPU
	EndGlobalSection
	GlobalSection(SolutionProperties) = preSolution
		HideSolutionNode = FALSE
	EndGlobalSection
	GlobalSection(NestedProjects) = preSolution
		{FD4817B6-3CD7-4E74-AA10-7CA95FDFCF2D} = {B89C21C5-1EB5-498A-9AF3-23A762712A87}
		{240735D9-B68C-48F5-B213-FF2313F948DF} = {C982E810-251B-471F-BB7B-724324369FF6}
		{3A9D8C15-3E89-4459-970C-0D1B385DA309} = {C982E810-251B-471F-BB7B-724324369FF6}
		{AA9CF6EA-A7BE-4E42-910D-A1B9F019AC7F} = {50868A4A-B729-4F1D-9FCE-FECEB0095E09}
		{C69A6E02-C922-4C3C-ACF7-998592D333B7} = {50868A4A-B729-4F1D-9FCE-FECEB0095E09}
	EndGlobalSection
	GlobalSection(ExtensibilityGlobals) = postSolution
		SolutionGuid = {C8E7E37B-4242-463D-97BA-18A59701DCA8}
	EndGlobalSection
EndGlobal
